
Microsoft Visual Studio Solution File, Format Version 12.00
# Visual Studio Version 17
VisualStudioVersion = 17.5.33627.172
MinimumVisualStudioVersion = 10.0.40219.1
Project("{9A19103F-16F7-4668-BE54-9A1E7A4F7556}") = "Chalcanthite.Tests", "Chalcanthite.Tests\Chalcanthite.Tests.csproj", "{6D3BA76C-87D7-4120-B5AA-E12263A8B890}"
EndProject
Project("{9A19103F-16F7-4668-BE54-9A1E7A4F7556}") = "Chalcanthite.DAL", "Chalcanthite.DAL\Chalcanthite.DAL.csproj", "{421ABFD5-2E95-463C-8A88-4C4478BB7C76}"
EndProject
Project("{9A19103F-16F7-4668-BE54-9A1E7A4F7556}") = "Chalcanthite.Shared", "Chalcanthite.Shared\Chalcanthite.Shared.csproj", "{FEA34409-DFD3-4B76-9D6E-D3707A33F992}"
EndProject
Project("{9A19103F-16F7-4668-BE54-9A1E7A4F7556}") = "Chalcanthite.WebsiteTwo", "Chalcanthite.WebsiteTwo\Chalcanthite.WebsiteTwo.csproj", "{DB57BD73-2D51-4271-BFC2-9B8C1C9FA9F3}"
EndProject
Project("{9A19103F-16F7-4668-BE54-9A1E7A4F7556}") = "Chalcanthite.WebsiteOne", "Chalcanthite.WebsiteOne\Chalcanthite.WebsiteOne.csproj", "{97A28987-DD7B-4AB5-9078-7183CC32306F}"
EndProject
Project("{9A19103F-16F7-4668-BE54-9A1E7A4F7556}") = "Chalcanthite.API", "Chalcanthite.API\Chalcanthite.API.csproj", "{A1AD6A11-8DCD-425B-928A-0A01054DB0AA}"
EndProject
Project("{FAE04EC0-301F-11D3-BF4B-00C04F79EFBC}") = "Chalcanthite.Service", "Chalcanthite.Service\Chalcanthite.Service.csproj", "{524D67D5-8A19-498B-97CB-0E5EEB880EB2}"
EndProject
Project("{FAE04EC0-301F-11D3-BF4B-00C04F79EFBC}") = "Chalcanthite.Connector", "Chalcanthite.Connector\Chalcanthite.Connector.csproj", "{F35794DE-C1F0-4AE6-8FBF-19FF3D9476A5}"
EndProject
Project("{FAE04EC0-301F-11D3-BF4B-00C04F79EFBC}") = "Chalcanthite.Queue", "Chalcanthite.Queue\Chalcanthite.Queue.csproj", "{71748A3A-2983-4A6E-8244-B820D366BC0C}"
EndProject
Global
	GlobalSection(SolutionConfigurationPlatforms) = preSolution
		Debug|Any CPU = Debug|Any CPU
		Release|Any CPU = Release|Any CPU
	EndGlobalSection
	GlobalSection(ProjectConfigurationPlatforms) = postSolution
		{6D3BA76C-87D7-4120-B5AA-E12263A8B890}.Debug|Any CPU.ActiveCfg = Debug|Any CPU
		{6D3BA76C-87D7-4120-B5AA-E12263A8B890}.Debug|Any CPU.Build.0 = Debug|Any CPU
		{6D3BA76C-87D7-4120-B5AA-E12263A8B890}.Release|Any CPU.ActiveCfg = Release|Any CPU
		{6D3BA76C-87D7-4120-B5AA-E12263A8B890}.Release|Any CPU.Build.0 = Release|Any CPU
		{421ABFD5-2E95-463C-8A88-4C4478BB7C76}.Debug|Any CPU.ActiveCfg = Debug|Any CPU
		{421ABFD5-2E95-463C-8A88-4C4478BB7C76}.Debug|Any CPU.Build.0 = Debug|Any CPU
		{421ABFD5-2E95-463C-8A88-4C4478BB7C76}.Release|Any CPU.ActiveCfg = Release|Any CPU
		{421ABFD5-2E95-463C-8A88-4C4478BB7C76}.Release|Any CPU.Build.0 = Release|Any CPU
		{FEA34409-DFD3-4B76-9D6E-D3707A33F992}.Debug|Any CPU.ActiveCfg = Debug|Any CPU
		{FEA34409-DFD3-4B76-9D6E-D3707A33F992}.Debug|Any CPU.Build.0 = Debug|Any CPU
		{FEA34409-DFD3-4B76-9D6E-D3707A33F992}.Release|Any CPU.ActiveCfg = Release|Any CPU
		{FEA34409-DFD3-4B76-9D6E-D3707A33F992}.Release|Any CPU.Build.0 = Release|Any CPU
		{DB57BD73-2D51-4271-BFC2-9B8C1C9FA9F3}.Debug|Any CPU.ActiveCfg = Debug|Any CPU
		{DB57BD73-2D51-4271-BFC2-9B8C1C9FA9F3}.Debug|Any CPU.Build.0 = Debug|Any CPU
		{DB57BD73-2D51-4271-BFC2-9B8C1C9FA9F3}.Release|Any CPU.ActiveCfg = Release|Any CPU
		{DB57BD73-2D51-4271-BFC2-9B8C1C9FA9F3}.Release|Any CPU.Build.0 = Release|Any CPU
		{97A28987-DD7B-4AB5-9078-7183CC32306F}.Debug|Any CPU.ActiveCfg = Debug|Any CPU
		{97A28987-DD7B-4AB5-9078-7183CC32306F}.Debug|Any CPU.Build.0 = Debug|Any CPU
		{97A28987-DD7B-4AB5-9078-7183CC32306F}.Release|Any CPU.ActiveCfg = Release|Any CPU
		{97A28987-DD7B-4AB5-9078-7183CC32306F}.Release|Any CPU.Build.0 = Release|Any CPU
		{A1AD6A11-8DCD-425B-928A-0A01054DB0AA}.Debug|Any CPU.ActiveCfg = Debug|Any CPU
		{A1AD6A11-8DCD-425B-928A-0A01054DB0AA}.Debug|Any CPU.Build.0 = Debug|Any CPU
		{A1AD6A11-8DCD-425B-928A-0A01054DB0AA}.Release|Any CPU.ActiveCfg = Release|Any CPU
		{A1AD6A11-8DCD-425B-928A-0A01054DB0AA}.Release|Any CPU.Build.0 = Release|Any CPU
		{524D67D5-8A19-498B-97CB-0E5EEB880EB2}.Debug|Any CPU.ActiveCfg = Debug|Any CPU
		{524D67D5-8A19-498B-97CB-0E5EEB880EB2}.Debug|Any CPU.Build.0 = Debug|Any CPU
		{524D67D5-8A19-498B-97CB-0E5EEB880EB2}.Release|Any CPU.ActiveCfg = Release|Any CPU
		{524D67D5-8A19-498B-97CB-0E5EEB880EB2}.Release|Any CPU.Build.0 = Release|Any CPU
		{F35794DE-C1F0-4AE6-8FBF-19FF3D9476A5}.Debug|Any CPU.ActiveCfg = Debug|Any CPU
		{F35794DE-C1F0-4AE6-8FBF-19FF3D9476A5}.Debug|Any CPU.Build.0 = Debug|Any CPU
		{F35794DE-C1F0-4AE6-8FBF-19FF3D9476A5}.Release|Any CPU.ActiveCfg = Release|Any CPU
		{F35794DE-C1F0-4AE6-8FBF-19FF3D9476A5}.Release|Any CPU.Build.0 = Release|Any CPU
		{71748A3A-2983-4A6E-8244-B820D366BC0C}.Debug|Any CPU.ActiveCfg = Debug|Any CPU
		{71748A3A-2983-4A6E-8244-B820D366BC0C}.Debug|Any CPU.Build.0 = Debug|Any CPU
		{71748A3A-2983-4A6E-8244-B820D366BC0C}.Release|Any CPU.ActiveCfg = Release|Any CPU
		{71748A3A-2983-4A6E-8244-B820D366BC0C}.Release|Any CPU.Build.0 = Release|Any CPU
	EndGlobalSection
	GlobalSection(SolutionProperties) = preSolution
		HideSolutionNode = FALSE
	EndGlobalSection
	GlobalSection(ExtensibilityGlobals) = postSolution
		SolutionGuid = {B1A3A743-DCFB-49C5-9E35-481E0D97E74D}
	EndGlobalSection
EndGlobal
